{
  "name": "OmniContactService",
  "lockfileVersion": 3,
  "requires": true,
  "packages": {
    "": {
      "dependencies": {
        "amazon-connect-streams": "^2.22.0"
      }
    },
    "node_modules/@amazon-connect/activity": {
      "version": "1.0.9",
      "resolved": "https://registry.npmjs.org/@amazon-connect/activity/-/activity-1.0.9.tgz",
      "integrity": "sha512-Qm6Hk4xUgIC9hLmuu4ssFRSq0vtJq6pZV2Uhhx81q37VVUT/5N61pMePcZYIl2TAx7LLbfVWti8QYCYcpTk3jA==",
      "license": "Apache-2.0",
      "dependencies": {
        "@amazon-connect/core": "1.0.9",
        "lodash.debounce": "4.0.8"
      }
    },
    "node_modules/@amazon-connect/contact": {
      "version": "1.0.9",
      "resolved": "https://registry.npmjs.org/@amazon-connect/contact/-/contact-1.0.9.tgz",
      "integrity": "sha512-dp0Ek+HgU3UaeeW5/00o6tbL8/YfSnm492nzG+RAPlcj/mA9acDtZoypmpLUoWIklyzFNYG2jSB/5UzNlJImNw==",
      "license": "Apache-2.0",
      "dependencies": {
        "@amazon-connect/core": "1.0.9"
      }
    },
    "node_modules/@amazon-connect/core": {
      "version": "1.0.9",
      "resolved": "https://registry.npmjs.org/@amazon-connect/core/-/core-1.0.9.tgz",
      "integrity": "sha512-gY3JCdrCumNVP3lqTZFdJW0FFWzGKagfcqZ3uDaPL66tmDh5laL42c5xod2889KgatK5Yi2ero0m+KZgQ/ovog==",
      "license": "Apache-2.0"
    },
    "node_modules/@amazon-connect/site": {
      "version": "1.0.9",
      "resolved": "https://registry.npmjs.org/@amazon-connect/site/-/site-1.0.9.tgz",
      "integrity": "sha512-+j/cppDfWO+8FBXxn8K18rgRQHbLmN612wQbrKl6eTvWk95EDmiGkwk+3KHgNKNuU4pg1M1SPCaMErLJkBANgA==",
      "license": "Apache-2.0",
      "dependencies": {
        "@amazon-connect/core": "1.0.9"
      }
    },
    "node_modules/@amazon-connect/site-streams": {
      "version": "1.0.9",
      "resolved": "https://registry.npmjs.org/@amazon-connect/site-streams/-/site-streams-1.0.9.tgz",
      "integrity": "sha512-N83k7Rr3RMI7M6YEf0pRA8j0J4hCLcGiOvPy/uQ92oYddkZBqPf6LSB2MwglXL1IgEt/jDbbAjmjLsMTqPrlTw==",
      "license": "Apache-2.0",
      "dependencies": {
        "@amazon-connect/site": "1.0.9"
      }
    },
    "node_modules/amazon-connect-streams": {
      "version": "2.22.0",
      "resolved": "https://registry.npmjs.org/amazon-connect-streams/-/amazon-connect-streams-2.22.0.tgz",
      "integrity": "sha512-q/UdOqK/xC/VChDIHAN6pE+pvumuE9dt8wOJSxaESTmNqmjZqT6zFpKALa6PJDbw4qmVyFsWG1NFF7C/LKtGig==",
      "license": "Apache-2.0",
      "dependencies": {
        "@amazon-connect/activity": "1.0.9",
        "@amazon-connect/contact": "1.0.9",
        "@amazon-connect/core": "1.0.9",
        "@amazon-connect/site": "1.0.9",
        "@amazon-connect/site-streams": "1.0.9"
      },
      "engines": {
        "node": ">=12.0.0"
      }
    },
    "node_modules/lodash.debounce": {
      "version": "4.0.8",
      "resolved": "https://registry.npmjs.org/lodash.debounce/-/lodash.debounce-4.0.8.tgz",
      "integrity": "sha512-FT1yDzDYEoYWhnSGnpE/4Kj1fLZkDFyqRb7fNt6FdYOSxlUWAtp42Eh6Wb0rGIv/m9Bgo7x4GhQbm5Ys4SG5ow==",
      "license": "MIT"
    }
  }
}
